# This file is automatically @generated by Cargo.
# It is not intended for manual editing.
version = 3

[[package]]
name = "envyc_context"
version = "0.1.0"
dependencies = [
 "envyc_error",
 "envyc_source",
]

[[package]]
name = "envyc_driver"
version = "0.1.0"
dependencies = [
 "envyc_context",
 "envyc_error",
 "envyc_lexer",
]

[[package]]
name = "envyc_error"
version = "0.1.0"
dependencies = [
 "envyc_source",
]

[[package]]
name = "envyc_lexer"
version = "0.1.0"
dependencies = [
 "envyc_context",
 "envyc_error",
 "envyc_source",
]

[[package]]
name = "envyc_parser"
version = "0.1.0"

[[package]]
name = "envyc_source"
version = "0.1.0"
