# This file is automatically @generated by Cargo.
# It is not intended for manual editing.
version = 3

[[package]]
name = "annotate-snippets"
version = "0.9.1"
source = "registry+https://github.com/rust-lang/crates.io-index"
checksum = "c3b9d411ecbaf79885c6df4d75fff75858d5995ff25385657a28af47e82f9c36"
dependencies = [
 "unicode-width",
]

[[package]]
name = "envyc_context"
version = "0.1.0"
dependencies = [
 "envyc_error",
 "envyc_source",
]

[[package]]
name = "envyc_driver"
version = "0.1.0"
dependencies = [
 "envyc_context",
 "envyc_error",
 "envyc_lexer",
 "envyc_source",
]

[[package]]
name = "envyc_error"
version = "0.1.0"
dependencies = [
 "annotate-snippets",
 "envyc_source",
]

[[package]]
name = "envyc_lexer"
version = "0.1.0"
dependencies = [
 "envyc_context",
 "envyc_error",
 "envyc_source",
]

[[package]]
name = "envyc_source"
version = "0.1.0"

[[package]]
name = "unicode-width"
version = "0.1.10"
source = "registry+https://github.com/rust-lang/crates.io-index"
checksum = "c0edd1e5b14653f783770bce4a4dabb4a5108a5370a5f5d8cfe8710c361f6c8b"
